
Microsoft Visual Studio Solution File, Format Version 12.00
# Visual Studio Version 17
VisualStudioVersion = 17.1.32421.90
MinimumVisualStudioVersion = 10.0.40219.1
Project("{FAE04EC0-301F-11D3-BF4B-00C04F79EFBC}") = "DotnetCore_6_API", "DotnetCore_6_API\DotnetCore_6_API.csproj", "{DEBE5D46-FB4E-480F-BBC8-99948723274A}"
EndProject
Global
	GlobalSection(SolutionConfigurationPlatforms) = preSolution
		Debug|Any CPU = Debug|Any CPU
		Release|Any CPU = Release|Any CPU
	EndGlobalSection
	GlobalSection(ProjectConfigurationPlatforms) = postSolution
		{DEBE5D46-FB4E-480F-BBC8-99948723274A}.Debug|Any CPU.ActiveCfg = Debug|Any CPU
		{DEBE5D46-FB4E-480F-BBC8-99948723274A}.Debug|Any CPU.Build.0 = Debug|Any CPU
		{DEBE5D46-FB4E-480F-BBC8-99948723274A}.Release|Any CPU.ActiveCfg = Release|Any CPU
		{DEBE5D46-FB4E-480F-BBC8-99948723274A}.Release|Any CPU.Build.0 = Release|Any CPU
	EndGlobalSection
	GlobalSection(SolutionProperties) = preSolution
		HideSolutionNode = FALSE
	EndGlobalSection
	GlobalSection(ExtensibilityGlobals) = postSolution
		SolutionGuid = {57A03F11-C395-456A-95A0-5D703F0004EA}
	EndGlobalSection
EndGlobal
